// !$*UTF8*$!
{
	archiveVersion = 1;
	classes = {
	};
	objectVersion = 50;
	objects = {

/* Begin PBXBuildFile section */
		7B0773F42613ADA100FEDB85 /* ADDApp.swift in Sources */ = {isa = PBXBuildFile; fileRef = 7B0773F32613ADA100FEDB85 /* ADDApp.swift */; };
		7B0773F82613ADA100FEDB85 /* Assets.xcassets in Resources */ = {isa = PBXBuildFile; fileRef = 7B0773F72613ADA100FEDB85 /* Assets.xcassets */; };
		7B0773FB2613ADA100FEDB85 /* Preview Assets.xcassets in Resources */ = {isa = PBXBuildFile; fileRef = 7B0773FA2613ADA100FEDB85 /* Preview Assets.xcassets */; };
		7B07740E2613B24200FEDB85 /* MainMenu.swift in Sources */ = {isa = PBXBuildFile; fileRef = 7B07740D2613B24200FEDB85 /* MainMenu.swift */; };
		7B0774122613B27600FEDB85 /* AlgorithmsMenu.swift in Sources */ = {isa = PBXBuildFile; fileRef = 7B0774112613B27600FEDB85 /* AlgorithmsMenu.swift */; };
		7B07741A2613B2B100FEDB85 /* SortAlgorithmsMenu.swift in Sources */ = {isa = PBXBuildFile; fileRef = 7B0774192613B2B100FEDB85 /* SortAlgorithmsMenu.swift */; };
		7B0774232613B32400FEDB85 /* InsertionSort.swift in Sources */ = {isa = PBXBuildFile; fileRef = 7B0774222613B32400FEDB85 /* InsertionSort.swift */; };
		7B0774262613B35D00FEDB85 /* Implementor.swift in Sources */ = {isa = PBXBuildFile; fileRef = 7B0774252613B35D00FEDB85 /* Implementor.swift */; };
		7B0774292613B3A100FEDB85 /* ContentImplementor.swift in Sources */ = {isa = PBXBuildFile; fileRef = 7B0774282613B3A100FEDB85 /* ContentImplementor.swift */; };
		7B07742D2613B57900FEDB85 /* TemplateAbstraction.swift in Sources */ = {isa = PBXBuildFile; fileRef = 7B07742C2613B57900FEDB85 /* TemplateAbstraction.swift */; };
		7B0774382613BC0C00FEDB85 /* DefaultTabView.swift in Sources */ = {isa = PBXBuildFile; fileRef = 7B0774372613BC0C00FEDB85 /* DefaultTabView.swift */; };
		7B1BDEA326166B3A00427505 /* WebView.swift in Sources */ = {isa = PBXBuildFile; fileRef = 7B1BDEA226166B3A00427505 /* WebView.swift */; };
		7B1FF1962617C24900F68656 /* FileChoiceEnum.swift in Sources */ = {isa = PBXBuildFile; fileRef = 7B1FF1952617C24900F68656 /* FileChoiceEnum.swift */; };
		7B3BBF76261E08EA007207A3 /* SearchAlgorithmsMenu.swift in Sources */ = {isa = PBXBuildFile; fileRef = 7B3BBF75261E08EA007207A3 /* SearchAlgorithmsMenu.swift */; };
		7B3BBF79261E0FB9007207A3 /* NavigationButton.swift in Sources */ = {isa = PBXBuildFile; fileRef = 7B3BBF78261E0FB9007207A3 /* NavigationButton.swift */; };
		7B3BBF81261E5C91007207A3 /* SortAlgorithmEnum.swift in Sources */ = {isa = PBXBuildFile; fileRef = 7B3BBF80261E5C91007207A3 /* SortAlgorithmEnum.swift */; };
		7B3BBF85261E6482007207A3 /* SearchAlgorithmEnum.swift in Sources */ = {isa = PBXBuildFile; fileRef = 7B3BBF84261E6482007207A3 /* SearchAlgorithmEnum.swift */; };
		7B3BBF88261E6945007207A3 /* BehavioralDPEnum.swift in Sources */ = {isa = PBXBuildFile; fileRef = 7B3BBF87261E6945007207A3 /* BehavioralDPEnum.swift */; };
		7B3BBF8B261E6B9B007207A3 /* CreationalDPEnum.swift in Sources */ = {isa = PBXBuildFile; fileRef = 7B3BBF8A261E6B9B007207A3 /* CreationalDPEnum.swift */; };
		7B3BBF8E261E6D21007207A3 /* StructuralDPEnum.swift in Sources */ = {isa = PBXBuildFile; fileRef = 7B3BBF8D261E6D21007207A3 /* StructuralDPEnum.swift */; };
		7B3BBF91261E6DF7007207A3 /* LinearDSEnum.swift in Sources */ = {isa = PBXBuildFile; fileRef = 7B3BBF90261E6DF7007207A3 /* LinearDSEnum.swift */; };
		7B3BBF94261E6EF0007207A3 /* TreeDSEnum.swift in Sources */ = {isa = PBXBuildFile; fileRef = 7B3BBF93261E6EF0007207A3 /* TreeDSEnum.swift */; };
		7B3BBF97261E6F9F007207A3 /* HashBasedDSEnum.swift in Sources */ = {isa = PBXBuildFile; fileRef = 7B3BBF96261E6F9F007207A3 /* HashBasedDSEnum.swift */; };
		7B3BBF9A261E701E007207A3 /* GraphDSEnum.swift in Sources */ = {isa = PBXBuildFile; fileRef = 7B3BBF99261E701E007207A3 /* GraphDSEnum.swift */; };
		7B5B91A526178D3B00C82B47 /* www in Resources */ = {isa = PBXBuildFile; fileRef = 7B5B91A426178D3B00C82B47 /* www */; };
		7B8150D3261F5FBB00E6CAAD /* SelectionSort.swift in Sources */ = {isa = PBXBuildFile; fileRef = 7B8150D2261F5FBB00E6CAAD /* SelectionSort.swift */; };
		7B8150DA261F6DDF00E6CAAD /* LazyView.swift in Sources */ = {isa = PBXBuildFile; fileRef = 7B8150D9261F6DDE00E6CAAD /* LazyView.swift */; };
		7BB65CB8261CC34100369C00 /* Content.swift in Sources */ = {isa = PBXBuildFile; fileRef = 7BB65CB7261CC34100369C00 /* Content.swift */; };
		7BB65CC2261D0ACC00369C00 /* DesignPatternsMenu.swift in Sources */ = {isa = PBXBuildFile; fileRef = 7BB65CC1261D0ACC00369C00 /* DesignPatternsMenu.swift */; };
		7BB65CCE261D0BE800369C00 /* CreationalDPMenu.swift in Sources */ = {isa = PBXBuildFile; fileRef = 7BB65CCD261D0BE800369C00 /* CreationalDPMenu.swift */; };
		7BB65CE1261D12DA00369C00 /* ContentFactory.swift in Sources */ = {isa = PBXBuildFile; fileRef = 7BB65CE0261D12DA00369C00 /* ContentFactory.swift */; };
		7BB65CEB261D158800369C00 /* DataStructuresMenu.swift in Sources */ = {isa = PBXBuildFile; fileRef = 7BB65CEA261D158800369C00 /* DataStructuresMenu.swift */; };
		7BB65CF0261D169300369C00 /* LinearDSMenu.swift in Sources */ = {isa = PBXBuildFile; fileRef = 7BB65CEF261D169300369C00 /* LinearDSMenu.swift */; };
		7BB65CF6261D180200369C00 /* StructuralDPMenu.swift in Sources */ = {isa = PBXBuildFile; fileRef = 7BB65CF5261D180200369C00 /* StructuralDPMenu.swift */; };
		7BB65CFB261D18AB00369C00 /* BehavioralDPMenu.swift in Sources */ = {isa = PBXBuildFile; fileRef = 7BB65CFA261D18AB00369C00 /* BehavioralDPMenu.swift */; };
		7BB65D01261D1A7D00369C00 /* TreeDSMenu.swift in Sources */ = {isa = PBXBuildFile; fileRef = 7BB65D00261D1A7D00369C00 /* TreeDSMenu.swift */; };
		7BB65D0A261D1C7500369C00 /* HashBasedDSMenu.swift in Sources */ = {isa = PBXBuildFile; fileRef = 7BB65D09261D1C7500369C00 /* HashBasedDSMenu.swift */; };
		7BB65D0D261D1CDC00369C00 /* GraphDSMenu.swift in Sources */ = {isa = PBXBuildFile; fileRef = 7BB65D0C261D1CDC00369C00 /* GraphDSMenu.swift */; };
		7BE5424026276197000673E5 /* WhatAreAlgorithms.swift in Sources */ = {isa = PBXBuildFile; fileRef = 7BE5423F26276197000673E5 /* WhatAreAlgorithms.swift */; };
		7BE5424326276275000673E5 /* TidBitView.swift in Sources */ = {isa = PBXBuildFile; fileRef = 7BE5424226276275000673E5 /* TidBitView.swift */; };
		7BE5424626276544000673E5 /* TidBitEnum.swift in Sources */ = {isa = PBXBuildFile; fileRef = 7BE5424526276544000673E5 /* TidBitEnum.swift */; };
		7BE54249262765DB000673E5 /* WhatAreClassifications.swift in Sources */ = {isa = PBXBuildFile; fileRef = 7BE54248262765DB000673E5 /* WhatAreClassifications.swift */; };
		7BE5424F26276B0B000673E5 /* Topic.swift in Sources */ = {isa = PBXBuildFile; fileRef = 7BE5424E26276B0A000673E5 /* Topic.swift */; };
		7BE5425426276D6A000673E5 /* TidBitImplementor.swift in Sources */ = {isa = PBXBuildFile; fileRef = 7BE5425326276D6A000673E5 /* TidBitImplementor.swift */; };
		7BE5425726276DA9000673E5 /* TidBit.swift in Sources */ = {isa = PBXBuildFile; fileRef = 7BE5425626276DA9000673E5 /* TidBit.swift */; };
		7BE5425A26279214000673E5 /* ContentCategoryEnum.swift in Sources */ = {isa = PBXBuildFile; fileRef = 7BE5425926279214000673E5 /* ContentCategoryEnum.swift */; };
		7BE54260262798B2000673E5 /* WhatIsADD.swift in Sources */ = {isa = PBXBuildFile; fileRef = 7BE5425F262798B2000673E5 /* WhatIsADD.swift */; };
		7BE54263262798DD000673E5 /* Beginner.swift in Sources */ = {isa = PBXBuildFile; fileRef = 7BE54262262798DD000673E5 /* Beginner.swift */; };
		7BE54266262798F6000673E5 /* Glossary.swift in Sources */ = {isa = PBXBuildFile; fileRef = 7BE54265262798F6000673E5 /* Glossary.swift */; };
		7BE542692627A031000673E5 /* DPCategories.swift in Sources */ = {isa = PBXBuildFile; fileRef = 7BE542682627A031000673E5 /* DPCategories.swift */; };
		7BE5426C2627A059000673E5 /* WhatAreDesignPatterns.swift in Sources */ = {isa = PBXBuildFile; fileRef = 7BE5426B2627A059000673E5 /* WhatAreDesignPatterns.swift */; };
		7BE542702627A26B000673E5 /* WhatAreDataStructures.swift in Sources */ = {isa = PBXBuildFile; fileRef = 7BE5426F2627A26A000673E5 /* WhatAreDataStructures.swift */; };
		7BE542732627A291000673E5 /* DSCategories.swift in Sources */ = {isa = PBXBuildFile; fileRef = 7BE542722627A291000673E5 /* DSCategories.swift */; };
/* End PBXBuildFile section */

/* Begin PBXFileReference section */
		7B0773F02613ADA100FEDB85 /* ADD.app */ = {isa = PBXFileReference; explicitFileType = wrapper.application; includeInIndex = 0; path = ADD.app; sourceTree = BUILT_PRODUCTS_DIR; };
		7B0773F32613ADA100FEDB85 /* ADDApp.swift */ = {isa = PBXFileReference; lastKnownFileType = sourcecode.swift; path = ADDApp.swift; sourceTree = "<group>"; };
		7B0773F72613ADA100FEDB85 /* Assets.xcassets */ = {isa = PBXFileReference; lastKnownFileType = folder.assetcatalog; path = Assets.xcassets; sourceTree = "<group>"; };
		7B0773FA2613ADA100FEDB85 /* Preview Assets.xcassets */ = {isa = PBXFileReference; lastKnownFileType = folder.assetcatalog; path = "Preview Assets.xcassets"; sourceTree = "<group>"; };
		7B0773FC2613ADA100FEDB85 /* Info.plist */ = {isa = PBXFileReference; lastKnownFileType = text.plist.xml; path = Info.plist; sourceTree = "<group>"; };
		7B07740D2613B24200FEDB85 /* MainMenu.swift */ = {isa = PBXFileReference; lastKnownFileType = sourcecode.swift; path = MainMenu.swift; sourceTree = "<group>"; };
		7B0774112613B27600FEDB85 /* AlgorithmsMenu.swift */ = {isa = PBXFileReference; lastKnownFileType = sourcecode.swift; path = AlgorithmsMenu.swift; sourceTree = "<group>"; };
		7B0774192613B2B100FEDB85 /* SortAlgorithmsMenu.swift */ = {isa = PBXFileReference; lastKnownFileType = sourcecode.swift; path = SortAlgorithmsMenu.swift; sourceTree = "<group>"; };
		7B0774222613B32400FEDB85 /* InsertionSort.swift */ = {isa = PBXFileReference; lastKnownFileType = sourcecode.swift; path = InsertionSort.swift; sourceTree = "<group>"; };
		7B0774252613B35D00FEDB85 /* Implementor.swift */ = {isa = PBXFileReference; lastKnownFileType = sourcecode.swift; path = Implementor.swift; sourceTree = "<group>"; };
		7B0774282613B3A100FEDB85 /* ContentImplementor.swift */ = {isa = PBXFileReference; lastKnownFileType = sourcecode.swift; path = ContentImplementor.swift; sourceTree = "<group>"; };
		7B07742C2613B57900FEDB85 /* TemplateAbstraction.swift */ = {isa = PBXFileReference; lastKnownFileType = sourcecode.swift; path = TemplateAbstraction.swift; sourceTree = "<group>"; };
		7B0774372613BC0C00FEDB85 /* DefaultTabView.swift */ = {isa = PBXFileReference; lastKnownFileType = sourcecode.swift; path = DefaultTabView.swift; sourceTree = "<group>"; };
		7B1BDEA226166B3A00427505 /* WebView.swift */ = {isa = PBXFileReference; lastKnownFileType = sourcecode.swift; path = WebView.swift; sourceTree = "<group>"; };
		7B1FF1952617C24900F68656 /* FileChoiceEnum.swift */ = {isa = PBXFileReference; lastKnownFileType = sourcecode.swift; path = FileChoiceEnum.swift; sourceTree = "<group>"; };
		7B3BBF75261E08EA007207A3 /* SearchAlgorithmsMenu.swift */ = {isa = PBXFileReference; lastKnownFileType = sourcecode.swift; path = SearchAlgorithmsMenu.swift; sourceTree = "<group>"; };
		7B3BBF78261E0FB9007207A3 /* NavigationButton.swift */ = {isa = PBXFileReference; lastKnownFileType = sourcecode.swift; path = NavigationButton.swift; sourceTree = "<group>"; };
		7B3BBF80261E5C91007207A3 /* SortAlgorithmEnum.swift */ = {isa = PBXFileReference; lastKnownFileType = sourcecode.swift; path = SortAlgorithmEnum.swift; sourceTree = "<group>"; };
		7B3BBF84261E6482007207A3 /* SearchAlgorithmEnum.swift */ = {isa = PBXFileReference; lastKnownFileType = sourcecode.swift; path = SearchAlgorithmEnum.swift; sourceTree = "<group>"; };
		7B3BBF87261E6945007207A3 /* BehavioralDPEnum.swift */ = {isa = PBXFileReference; lastKnownFileType = sourcecode.swift; path = BehavioralDPEnum.swift; sourceTree = "<group>"; };
		7B3BBF8A261E6B9B007207A3 /* CreationalDPEnum.swift */ = {isa = PBXFileReference; lastKnownFileType = sourcecode.swift; path = CreationalDPEnum.swift; sourceTree = "<group>"; };
		7B3BBF8D261E6D21007207A3 /* StructuralDPEnum.swift */ = {isa = PBXFileReference; lastKnownFileType = sourcecode.swift; path = StructuralDPEnum.swift; sourceTree = "<group>"; };
		7B3BBF90261E6DF7007207A3 /* LinearDSEnum.swift */ = {isa = PBXFileReference; lastKnownFileType = sourcecode.swift; path = LinearDSEnum.swift; sourceTree = "<group>"; };
		7B3BBF93261E6EF0007207A3 /* TreeDSEnum.swift */ = {isa = PBXFileReference; lastKnownFileType = sourcecode.swift; path = TreeDSEnum.swift; sourceTree = "<group>"; };
		7B3BBF96261E6F9F007207A3 /* HashBasedDSEnum.swift */ = {isa = PBXFileReference; lastKnownFileType = sourcecode.swift; path = HashBasedDSEnum.swift; sourceTree = "<group>"; };
		7B3BBF99261E701E007207A3 /* GraphDSEnum.swift */ = {isa = PBXFileReference; lastKnownFileType = sourcecode.swift; path = GraphDSEnum.swift; sourceTree = "<group>"; };
		7B5B91A426178D3B00C82B47 /* www */ = {isa = PBXFileReference; lastKnownFileType = folder; path = www; sourceTree = "<group>"; };
		7B8150D2261F5FBB00E6CAAD /* SelectionSort.swift */ = {isa = PBXFileReference; lastKnownFileType = sourcecode.swift; path = SelectionSort.swift; sourceTree = "<group>"; };
		7B8150D9261F6DDE00E6CAAD /* LazyView.swift */ = {isa = PBXFileReference; lastKnownFileType = sourcecode.swift; path = LazyView.swift; sourceTree = "<group>"; };
		7BB65CB7261CC34100369C00 /* Content.swift */ = {isa = PBXFileReference; lastKnownFileType = sourcecode.swift; path = Content.swift; sourceTree = "<group>"; };
		7BB65CC1261D0ACC00369C00 /* DesignPatternsMenu.swift */ = {isa = PBXFileReference; lastKnownFileType = sourcecode.swift; path = DesignPatternsMenu.swift; sourceTree = "<group>"; };
		7BB65CCD261D0BE800369C00 /* CreationalDPMenu.swift */ = {isa = PBXFileReference; lastKnownFileType = sourcecode.swift; path = CreationalDPMenu.swift; sourceTree = "<group>"; };
		7BB65CE0261D12DA00369C00 /* ContentFactory.swift */ = {isa = PBXFileReference; lastKnownFileType = sourcecode.swift; path = ContentFactory.swift; sourceTree = "<group>"; };
		7BB65CEA261D158800369C00 /* DataStructuresMenu.swift */ = {isa = PBXFileReference; lastKnownFileType = sourcecode.swift; path = DataStructuresMenu.swift; sourceTree = "<group>"; };
		7BB65CEF261D169300369C00 /* LinearDSMenu.swift */ = {isa = PBXFileReference; lastKnownFileType = sourcecode.swift; path = LinearDSMenu.swift; sourceTree = "<group>"; };
		7BB65CF5261D180200369C00 /* StructuralDPMenu.swift */ = {isa = PBXFileReference; lastKnownFileType = sourcecode.swift; path = StructuralDPMenu.swift; sourceTree = "<group>"; };
		7BB65CFA261D18AB00369C00 /* BehavioralDPMenu.swift */ = {isa = PBXFileReference; lastKnownFileType = sourcecode.swift; path = BehavioralDPMenu.swift; sourceTree = "<group>"; };
		7BB65D00261D1A7D00369C00 /* TreeDSMenu.swift */ = {isa = PBXFileReference; lastKnownFileType = sourcecode.swift; path = TreeDSMenu.swift; sourceTree = "<group>"; };
		7BB65D09261D1C7500369C00 /* HashBasedDSMenu.swift */ = {isa = PBXFileReference; lastKnownFileType = sourcecode.swift; path = HashBasedDSMenu.swift; sourceTree = "<group>"; };
		7BB65D0C261D1CDC00369C00 /* GraphDSMenu.swift */ = {isa = PBXFileReference; lastKnownFileType = sourcecode.swift; path = GraphDSMenu.swift; sourceTree = "<group>"; };
		7BE5423F26276197000673E5 /* WhatAreAlgorithms.swift */ = {isa = PBXFileReference; lastKnownFileType = sourcecode.swift; path = WhatAreAlgorithms.swift; sourceTree = "<group>"; };
		7BE5424226276275000673E5 /* TidBitView.swift */ = {isa = PBXFileReference; lastKnownFileType = sourcecode.swift; path = TidBitView.swift; sourceTree = "<group>"; };
		7BE5424526276544000673E5 /* TidBitEnum.swift */ = {isa = PBXFileReference; lastKnownFileType = sourcecode.swift; path = TidBitEnum.swift; sourceTree = "<group>"; };
		7BE54248262765DB000673E5 /* WhatAreClassifications.swift */ = {isa = PBXFileReference; lastKnownFileType = sourcecode.swift; path = WhatAreClassifications.swift; sourceTree = "<group>"; };
		7BE5424E26276B0A000673E5 /* Topic.swift */ = {isa = PBXFileReference; lastKnownFileType = sourcecode.swift; path = Topic.swift; sourceTree = "<group>"; };
		7BE5425326276D6A000673E5 /* TidBitImplementor.swift */ = {isa = PBXFileReference; lastKnownFileType = sourcecode.swift; path = TidBitImplementor.swift; sourceTree = "<group>"; };
		7BE5425626276DA9000673E5 /* TidBit.swift */ = {isa = PBXFileReference; lastKnownFileType = sourcecode.swift; path = TidBit.swift; sourceTree = "<group>"; };
		7BE5425926279214000673E5 /* ContentCategoryEnum.swift */ = {isa = PBXFileReference; lastKnownFileType = sourcecode.swift; path = ContentCategoryEnum.swift; sourceTree = "<group>"; };
		7BE5425F262798B2000673E5 /* WhatIsADD.swift */ = {isa = PBXFileReference; lastKnownFileType = sourcecode.swift; path = WhatIsADD.swift; sourceTree = "<group>"; };
		7BE54262262798DD000673E5 /* Beginner.swift */ = {isa = PBXFileReference; lastKnownFileType = sourcecode.swift; path = Beginner.swift; sourceTree = "<group>"; };
		7BE54265262798F6000673E5 /* Glossary.swift */ = {isa = PBXFileReference; lastKnownFileType = sourcecode.swift; path = Glossary.swift; sourceTree = "<group>"; };
		7BE542682627A031000673E5 /* DPCategories.swift */ = {isa = PBXFileReference; lastKnownFileType = sourcecode.swift; path = DPCategories.swift; sourceTree = "<group>"; };
		7BE5426B2627A059000673E5 /* WhatAreDesignPatterns.swift */ = {isa = PBXFileReference; lastKnownFileType = sourcecode.swift; path = WhatAreDesignPatterns.swift; sourceTree = "<group>"; };
		7BE5426F2627A26A000673E5 /* WhatAreDataStructures.swift */ = {isa = PBXFileReference; lastKnownFileType = sourcecode.swift; path = WhatAreDataStructures.swift; sourceTree = "<group>"; };
		7BE542722627A291000673E5 /* DSCategories.swift */ = {isa = PBXFileReference; lastKnownFileType = sourcecode.swift; path = DSCategories.swift; sourceTree = "<group>"; };
/* End PBXFileReference section */

/* Begin PBXFrameworksBuildPhase section */
		7B0773ED2613ADA100FEDB85 /* Frameworks */ = {
			isa = PBXFrameworksBuildPhase;
			buildActionMask = 2147483647;
			files = (
			);
			runOnlyForDeploymentPostprocessing = 0;
		};
/* End PBXFrameworksBuildPhase section */

/* Begin PBXGroup section */
		7B0773E72613ADA100FEDB85 = {
			isa = PBXGroup;
			children = (
				7B5B91A426178D3B00C82B47 /* www */,
				7B0773F22613ADA100FEDB85 /* ADD */,
				7B0773F12613ADA100FEDB85 /* Products */,
			);
			sourceTree = "<group>";
		};
		7B0773F12613ADA100FEDB85 /* Products */ = {
			isa = PBXGroup;
			children = (
				7B0773F02613ADA100FEDB85 /* ADD.app */,
			);
			name = Products;
			sourceTree = "<group>";
		};
		7B0773F22613ADA100FEDB85 /* ADD */ = {
			isa = PBXGroup;
			children = (
				7B0773F32613ADA100FEDB85 /* ADDApp.swift */,
				7B0774032613B08400FEDB85 /* Views */,
				7B07744A2613D37800FEDB85 /* View Models */,
				7B07744C2613D38000FEDB85 /* Models */,
				7B0773F72613ADA100FEDB85 /* Assets.xcassets */,
				7B0773FC2613ADA100FEDB85 /* Info.plist */,
				7B0773F92613ADA100FEDB85 /* Preview Content */,
			);
			path = ADD;
			sourceTree = "<group>";
		};
		7B0773F92613ADA100FEDB85 /* Preview Content */ = {
			isa = PBXGroup;
			children = (
				7B0773FA2613ADA100FEDB85 /* Preview Assets.xcassets */,
			);
			path = "Preview Content";
			sourceTree = "<group>";
		};
		7B0774032613B08400FEDB85 /* Views */ = {
			isa = PBXGroup;
			children = (
				7B07740D2613B24200FEDB85 /* MainMenu.swift */,
				7B3BBF7B261E0FBC007207A3 /* Reusable UI Components */,
				7B0774142613B27B00FEDB85 /* Algorithms */,
				7BB65CC4261D0AD200369C00 /* Design Patterns */,
				7BB65CED261D159000369C00 /* Data Structures */,
				7B0774462613D33200FEDB85 /* View Templates */,
			);
			path = Views;
			sourceTree = "<group>";
		};
		7B0774142613B27B00FEDB85 /* Algorithms */ = {
			isa = PBXGroup;
			children = (
				7B0774112613B27600FEDB85 /* AlgorithmsMenu.swift */,
				7B0774192613B2B100FEDB85 /* SortAlgorithmsMenu.swift */,
				7B3BBF75261E08EA007207A3 /* SearchAlgorithmsMenu.swift */,
			);
			path = Algorithms;
			sourceTree = "<group>";
		};
		7B0774462613D33200FEDB85 /* View Templates */ = {
			isa = PBXGroup;
			children = (
				7B0774482613D34F00FEDB85 /* Protocols */,
				7B0774372613BC0C00FEDB85 /* DefaultTabView.swift */,
				7BE5424226276275000673E5 /* TidBitView.swift */,
				7B5B91B12617971F00C82B47 /* Helpers */,
			);
			path = "View Templates";
			sourceTree = "<group>";
		};
		7B0774482613D34F00FEDB85 /* Protocols */ = {
			isa = PBXGroup;
			children = (
				7B07742C2613B57900FEDB85 /* TemplateAbstraction.swift */,
			);
			path = Protocols;
			sourceTree = "<group>";
		};
		7B07744A2613D37800FEDB85 /* View Models */ = {
			isa = PBXGroup;
			children = (
				7B07744E2613D39600FEDB85 /* Protocols */,
				7B0774282613B3A100FEDB85 /* ContentImplementor.swift */,
				7BE5425326276D6A000673E5 /* TidBitImplementor.swift */,
				7BB65CE8261D133900369C00 /* Factory */,
			);
			path = "View Models";
			sourceTree = "<group>";
		};
		7B07744C2613D38000FEDB85 /* Models */ = {
			isa = PBXGroup;
			children = (
				7BB65CBA261CCACF00369C00 /* Protocols */,
				7BE5425C2627958A000673E5 /* TidBits */,
				7B0774222613B32400FEDB85 /* InsertionSort.swift */,
				7B8150D2261F5FBB00E6CAAD /* SelectionSort.swift */,
				7BB65CE4261D12EC00369C00 /* Enums */,
			);
			path = Models;
			sourceTree = "<group>";
		};
		7B07744E2613D39600FEDB85 /* Protocols */ = {
			isa = PBXGroup;
			children = (
				7B0774252613B35D00FEDB85 /* Implementor.swift */,
			);
			path = Protocols;
			sourceTree = "<group>";
		};
		7B3BBF7B261E0FBC007207A3 /* Reusable UI Components */ = {
			isa = PBXGroup;
			children = (
				7B3BBF78261E0FB9007207A3 /* NavigationButton.swift */,
				7BE5424E26276B0A000673E5 /* Topic.swift */,
			);
			path = "Reusable UI Components";
			sourceTree = "<group>";
		};
		7B5B91B12617971F00C82B47 /* Helpers */ = {
			isa = PBXGroup;
			children = (
				7B1BDEA226166B3A00427505 /* WebView.swift */,
				7B8150D9261F6DDE00E6CAAD /* LazyView.swift */,
			);
			path = Helpers;
			sourceTree = "<group>";
		};
		7BB65CBA261CCACF00369C00 /* Protocols */ = {
			isa = PBXGroup;
			children = (
				7BB65CB7261CC34100369C00 /* Content.swift */,
				7BE5425626276DA9000673E5 /* TidBit.swift */,
			);
			path = Protocols;
			sourceTree = "<group>";
		};
		7BB65CC4261D0AD200369C00 /* Design Patterns */ = {
			isa = PBXGroup;
			children = (
				7BB65CC1261D0ACC00369C00 /* DesignPatternsMenu.swift */,
				7BB65CFA261D18AB00369C00 /* BehavioralDPMenu.swift */,
				7BB65CCD261D0BE800369C00 /* CreationalDPMenu.swift */,
				7BB65CF5261D180200369C00 /* StructuralDPMenu.swift */,
			);
			path = "Design Patterns";
			sourceTree = "<group>";
		};
		7BB65CE4261D12EC00369C00 /* Enums */ = {
			isa = PBXGroup;
			children = (
				7B1FF1952617C24900F68656 /* FileChoiceEnum.swift */,
				7B3BBF80261E5C91007207A3 /* SortAlgorithmEnum.swift */,
				7B3BBF84261E6482007207A3 /* SearchAlgorithmEnum.swift */,
				7B3BBF87261E6945007207A3 /* BehavioralDPEnum.swift */,
				7B3BBF8A261E6B9B007207A3 /* CreationalDPEnum.swift */,
				7B3BBF8D261E6D21007207A3 /* StructuralDPEnum.swift */,
				7B3BBF90261E6DF7007207A3 /* LinearDSEnum.swift */,
				7B3BBF93261E6EF0007207A3 /* TreeDSEnum.swift */,
				7B3BBF96261E6F9F007207A3 /* HashBasedDSEnum.swift */,
				7B3BBF99261E701E007207A3 /* GraphDSEnum.swift */,
				7BE5424526276544000673E5 /* TidBitEnum.swift */,
				7BE5425926279214000673E5 /* ContentCategoryEnum.swift */,
			);
			path = Enums;
			sourceTree = "<group>";
		};
		7BB65CE8261D133900369C00 /* Factory */ = {
			isa = PBXGroup;
			children = (
				7BB65CE0261D12DA00369C00 /* ContentFactory.swift */,
			);
			path = Factory;
			sourceTree = "<group>";
		};
		7BB65CED261D159000369C00 /* Data Structures */ = {
			isa = PBXGroup;
			children = (
				7BB65CEA261D158800369C00 /* DataStructuresMenu.swift */,
				7BB65CEF261D169300369C00 /* LinearDSMenu.swift */,
				7BB65D00261D1A7D00369C00 /* TreeDSMenu.swift */,
				7BB65D09261D1C7500369C00 /* HashBasedDSMenu.swift */,
				7BB65D0C261D1CDC00369C00 /* GraphDSMenu.swift */,
			);
			path = "Data Structures";
			sourceTree = "<group>";
		};
		7BE5425C2627958A000673E5 /* TidBits */ = {
			isa = PBXGroup;
			children = (
				7BE5423F26276197000673E5 /* WhatAreAlgorithms.swift */,
				7BE54248262765DB000673E5 /* WhatAreClassifications.swift */,
				7BE542682627A031000673E5 /* DPCategories.swift */,
				7BE5426B2627A059000673E5 /* WhatAreDesignPatterns.swift */,
				7BE5426F2627A26A000673E5 /* WhatAreDataStructures.swift */,
				7BE542722627A291000673E5 /* DSCategories.swift */,
				7BE5425F262798B2000673E5 /* WhatIsADD.swift */,
				7BE54262262798DD000673E5 /* Beginner.swift */,
				7BE54265262798F6000673E5 /* Glossary.swift */,
			);
			path = TidBits;
			sourceTree = "<group>";
		};
/* End PBXGroup section */

/* Begin PBXNativeTarget section */
		7B0773EF2613ADA100FEDB85 /* ADD */ = {
			isa = PBXNativeTarget;
			buildConfigurationList = 7B0773FF2613ADA100FEDB85 /* Build configuration list for PBXNativeTarget "ADD" */;
			buildPhases = (
				7B0773EC2613ADA100FEDB85 /* Sources */,
				7B0773ED2613ADA100FEDB85 /* Frameworks */,
				7B0773EE2613ADA100FEDB85 /* Resources */,
			);
			buildRules = (
			);
			dependencies = (
			);
			name = ADD;
			productName = ADD;
			productReference = 7B0773F02613ADA100FEDB85 /* ADD.app */;
			productType = "com.apple.product-type.application";
		};
/* End PBXNativeTarget section */

/* Begin PBXProject section */
		7B0773E82613ADA100FEDB85 /* Project object */ = {
			isa = PBXProject;
			attributes = {
				LastSwiftUpdateCheck = 1240;
				LastUpgradeCheck = 1240;
				TargetAttributes = {
					7B0773EF2613ADA100FEDB85 = {
						CreatedOnToolsVersion = 12.4;
					};
				};
			};
			buildConfigurationList = 7B0773EB2613ADA100FEDB85 /* Build configuration list for PBXProject "ADD" */;
			compatibilityVersion = "Xcode 9.3";
			developmentRegion = en;
			hasScannedForEncodings = 0;
			knownRegions = (
				en,
				Base,
			);
			mainGroup = 7B0773E72613ADA100FEDB85;
			productRefGroup = 7B0773F12613ADA100FEDB85 /* Products */;
			projectDirPath = "";
			projectRoot = "";
			targets = (
				7B0773EF2613ADA100FEDB85 /* ADD */,
			);
		};
/* End PBXProject section */

/* Begin PBXResourcesBuildPhase section */
		7B0773EE2613ADA100FEDB85 /* Resources */ = {
			isa = PBXResourcesBuildPhase;
			buildActionMask = 2147483647;
			files = (
				7B0773FB2613ADA100FEDB85 /* Preview Assets.xcassets in Resources */,
				7B0773F82613ADA100FEDB85 /* Assets.xcassets in Resources */,
				7B5B91A526178D3B00C82B47 /* www in Resources */,
			);
			runOnlyForDeploymentPostprocessing = 0;
		};
/* End PBXResourcesBuildPhase section */

/* Begin PBXSourcesBuildPhase section */
		7B0773EC2613ADA100FEDB85 /* Sources */ = {
			isa = PBXSourcesBuildPhase;
			buildActionMask = 2147483647;
			files = (
				7B8150DA261F6DDF00E6CAAD /* LazyView.swift in Sources */,
				7B07742D2613B57900FEDB85 /* TemplateAbstraction.swift in Sources */,
				7BB65CC2261D0ACC00369C00 /* DesignPatternsMenu.swift in Sources */,
				7BB65D0A261D1C7500369C00 /* HashBasedDSMenu.swift in Sources */,
				7B0774262613B35D00FEDB85 /* Implementor.swift in Sources */,
				7B8150D3261F5FBB00E6CAAD /* SelectionSort.swift in Sources */,
				7B3BBF85261E6482007207A3 /* SearchAlgorithmEnum.swift in Sources */,
				7BE542702627A26B000673E5 /* WhatAreDataStructures.swift in Sources */,
				7B1FF1962617C24900F68656 /* FileChoiceEnum.swift in Sources */,
				7B3BBF97261E6F9F007207A3 /* HashBasedDSEnum.swift in Sources */,
				7BE5425A26279214000673E5 /* ContentCategoryEnum.swift in Sources */,
				7BB65CEB261D158800369C00 /* DataStructuresMenu.swift in Sources */,
				7BE54249262765DB000673E5 /* WhatAreClassifications.swift in Sources */,
				7BE5425426276D6A000673E5 /* TidBitImplementor.swift in Sources */,
				7BE5426C2627A059000673E5 /* WhatAreDesignPatterns.swift in Sources */,
				7BB65CB8261CC34100369C00 /* Content.swift in Sources */,
				7BE542692627A031000673E5 /* DPCategories.swift in Sources */,
				7BE5424F26276B0B000673E5 /* Topic.swift in Sources */,
				7BE54260262798B2000673E5 /* WhatIsADD.swift in Sources */,
				7BB65CF6261D180200369C00 /* StructuralDPMenu.swift in Sources */,
				7B3BBF88261E6945007207A3 /* BehavioralDPEnum.swift in Sources */,
				7BE54263262798DD000673E5 /* Beginner.swift in Sources */,
				7BE5424026276197000673E5 /* WhatAreAlgorithms.swift in Sources */,
				7B3BBF81261E5C91007207A3 /* SortAlgorithmEnum.swift in Sources */,
				7B3BBF8B261E6B9B007207A3 /* CreationalDPEnum.swift in Sources */,
				7B0774382613BC0C00FEDB85 /* DefaultTabView.swift in Sources */,
				7B3BBF94261E6EF0007207A3 /* TreeDSEnum.swift in Sources */,
				7BE5425726276DA9000673E5 /* TidBit.swift in Sources */,
				7BB65D0D261D1CDC00369C00 /* GraphDSMenu.swift in Sources */,
				7B07740E2613B24200FEDB85 /* MainMenu.swift in Sources */,
				7B1BDEA326166B3A00427505 /* WebView.swift in Sources */,
				7BE5424326276275000673E5 /* TidBitView.swift in Sources */,
				7BB65CE1261D12DA00369C00 /* ContentFactory.swift in Sources */,
				7B3BBF8E261E6D21007207A3 /* StructuralDPEnum.swift in Sources */,
				7BE542732627A291000673E5 /* DSCategories.swift in Sources */,
				7B3BBF9A261E701E007207A3 /* GraphDSEnum.swift in Sources */,
				7BB65D01261D1A7D00369C00 /* TreeDSMenu.swift in Sources */,
				7B3BBF76261E08EA007207A3 /* SearchAlgorithmsMenu.swift in Sources */,
				7B0774232613B32400FEDB85 /* InsertionSort.swift in Sources */,
				7BB65CF0261D169300369C00 /* LinearDSMenu.swift in Sources */,
				7B0774122613B27600FEDB85 /* AlgorithmsMenu.swift in Sources */,
				7B0774292613B3A100FEDB85 /* ContentImplementor.swift in Sources */,
				7BB65CFB261D18AB00369C00 /* BehavioralDPMenu.swift in Sources */,
				7BB65CCE261D0BE800369C00 /* CreationalDPMenu.swift in Sources */,
				7B07741A2613B2B100FEDB85 /* SortAlgorithmsMenu.swift in Sources */,
				7B0773F42613ADA100FEDB85 /* ADDApp.swift in Sources */,
				7B3BBF91261E6DF7007207A3 /* LinearDSEnum.swift in Sources */,
				7B3BBF79261E0FB9007207A3 /* NavigationButton.swift in Sources */,
				7BE5424626276544000673E5 /* TidBitEnum.swift in Sources */,
				7BE54266262798F6000673E5 /* Glossary.swift in Sources */,
			);
			runOnlyForDeploymentPostprocessing = 0;
		};
/* End PBXSourcesBuildPhase section */

/* Begin XCBuildConfiguration section */
		7B0773FD2613ADA100FEDB85 /* Debug */ = {
			isa = XCBuildConfiguration;
			buildSettings = {
				ALWAYS_SEARCH_USER_PATHS = NO;
				CLANG_ANALYZER_NONNULL = YES;
				CLANG_ANALYZER_NUMBER_OBJECT_CONVERSION = YES_AGGRESSIVE;
				CLANG_CXX_LANGUAGE_STANDARD = "gnu++14";
				CLANG_CXX_LIBRARY = "libc++";
				CLANG_ENABLE_MODULES = YES;
				CLANG_ENABLE_OBJC_ARC = YES;
				CLANG_ENABLE_OBJC_WEAK = YES;
				CLANG_WARN_BLOCK_CAPTURE_AUTORELEASING = YES;
				CLANG_WARN_BOOL_CONVERSION = YES;
				CLANG_WARN_COMMA = YES;
				CLANG_WARN_CONSTANT_CONVERSION = YES;
				CLANG_WARN_DEPRECATED_OBJC_IMPLEMENTATIONS = YES;
				CLANG_WARN_DIRECT_OBJC_ISA_USAGE = YES_ERROR;
				CLANG_WARN_DOCUMENTATION_COMMENTS = YES;
				CLANG_WARN_EMPTY_BODY = YES;
				CLANG_WARN_ENUM_CONVERSION = YES;
				CLANG_WARN_INFINITE_RECURSION = YES;
				CLANG_WARN_INT_CONVERSION = YES;
				CLANG_WARN_NON_LITERAL_NULL_CONVERSION = YES;
				CLANG_WARN_OBJC_IMPLICIT_RETAIN_SELF = YES;
				CLANG_WARN_OBJC_LITERAL_CONVERSION = YES;
				CLANG_WARN_OBJC_ROOT_CLASS = YES_ERROR;
				CLANG_WARN_QUOTED_INCLUDE_IN_FRAMEWORK_HEADER = YES;
				CLANG_WARN_RANGE_LOOP_ANALYSIS = YES;
				CLANG_WARN_STRICT_PROTOTYPES = YES;
				CLANG_WARN_SUSPICIOUS_MOVE = YES;
				CLANG_WARN_UNGUARDED_AVAILABILITY = YES_AGGRESSIVE;
				CLANG_WARN_UNREACHABLE_CODE = YES;
				CLANG_WARN__DUPLICATE_METHOD_MATCH = YES;
				COPY_PHASE_STRIP = NO;
				DEBUG_INFORMATION_FORMAT = dwarf;
				ENABLE_STRICT_OBJC_MSGSEND = YES;
				ENABLE_TESTABILITY = YES;
				GCC_C_LANGUAGE_STANDARD = gnu11;
				GCC_DYNAMIC_NO_PIC = NO;
				GCC_NO_COMMON_BLOCKS = YES;
				GCC_OPTIMIZATION_LEVEL = 0;
				GCC_PREPROCESSOR_DEFINITIONS = (
					"DEBUG=1",
					"$(inherited)",
				);
				GCC_WARN_64_TO_32_BIT_CONVERSION = YES;
				GCC_WARN_ABOUT_RETURN_TYPE = YES_ERROR;
				GCC_WARN_UNDECLARED_SELECTOR = YES;
				GCC_WARN_UNINITIALIZED_AUTOS = YES_AGGRESSIVE;
				GCC_WARN_UNUSED_FUNCTION = YES;
				GCC_WARN_UNUSED_VARIABLE = YES;
				IPHONEOS_DEPLOYMENT_TARGET = 14.4;
				MTL_ENABLE_DEBUG_INFO = INCLUDE_SOURCE;
				MTL_FAST_MATH = YES;
				ONLY_ACTIVE_ARCH = YES;
				SDKROOT = iphoneos;
				SWIFT_ACTIVE_COMPILATION_CONDITIONS = DEBUG;
				SWIFT_OPTIMIZATION_LEVEL = "-Onone";
			};
			name = Debug;
		};
		7B0773FE2613ADA100FEDB85 /* Release */ = {
			isa = XCBuildConfiguration;
			buildSettings = {
				ALWAYS_SEARCH_USER_PATHS = NO;
				CLANG_ANALYZER_NONNULL = YES;
				CLANG_ANALYZER_NUMBER_OBJECT_CONVERSION = YES_AGGRESSIVE;
				CLANG_CXX_LANGUAGE_STANDARD = "gnu++14";
				CLANG_CXX_LIBRARY = "libc++";
				CLANG_ENABLE_MODULES = YES;
				CLANG_ENABLE_OBJC_ARC = YES;
				CLANG_ENABLE_OBJC_WEAK = YES;
				CLANG_WARN_BLOCK_CAPTURE_AUTORELEASING = YES;
				CLANG_WARN_BOOL_CONVERSION = YES;
				CLANG_WARN_COMMA = YES;
				CLANG_WARN_CONSTANT_CONVERSION = YES;
				CLANG_WARN_DEPRECATED_OBJC_IMPLEMENTATIONS = YES;
				CLANG_WARN_DIRECT_OBJC_ISA_USAGE = YES_ERROR;
				CLANG_WARN_DOCUMENTATION_COMMENTS = YES;
				CLANG_WARN_EMPTY_BODY = YES;
				CLANG_WARN_ENUM_CONVERSION = YES;
				CLANG_WARN_INFINITE_RECURSION = YES;
				CLANG_WARN_INT_CONVERSION = YES;
				CLANG_WARN_NON_LITERAL_NULL_CONVERSION = YES;
				CLANG_WARN_OBJC_IMPLICIT_RETAIN_SELF = YES;
				CLANG_WARN_OBJC_LITERAL_CONVERSION = YES;
				CLANG_WARN_OBJC_ROOT_CLASS = YES_ERROR;
				CLANG_WARN_QUOTED_INCLUDE_IN_FRAMEWORK_HEADER = YES;
				CLANG_WARN_RANGE_LOOP_ANALYSIS = YES;
				CLANG_WARN_STRICT_PROTOTYPES = YES;
				CLANG_WARN_SUSPICIOUS_MOVE = YES;
				CLANG_WARN_UNGUARDED_AVAILABILITY = YES_AGGRESSIVE;
				CLANG_WARN_UNREACHABLE_CODE = YES;
				CLANG_WARN__DUPLICATE_METHOD_MATCH = YES;
				COPY_PHASE_STRIP = NO;
				DEBUG_INFORMATION_FORMAT = "dwarf-with-dsym";
				ENABLE_NS_ASSERTIONS = NO;
				ENABLE_STRICT_OBJC_MSGSEND = YES;
				GCC_C_LANGUAGE_STANDARD = gnu11;
				GCC_NO_COMMON_BLOCKS = YES;
				GCC_WARN_64_TO_32_BIT_CONVERSION = YES;
				GCC_WARN_ABOUT_RETURN_TYPE = YES_ERROR;
				GCC_WARN_UNDECLARED_SELECTOR = YES;
				GCC_WARN_UNINITIALIZED_AUTOS = YES_AGGRESSIVE;
				GCC_WARN_UNUSED_FUNCTION = YES;
				GCC_WARN_UNUSED_VARIABLE = YES;
				IPHONEOS_DEPLOYMENT_TARGET = 14.4;
				MTL_ENABLE_DEBUG_INFO = NO;
				MTL_FAST_MATH = YES;
				SDKROOT = iphoneos;
				SWIFT_COMPILATION_MODE = wholemodule;
				SWIFT_OPTIMIZATION_LEVEL = "-O";
				VALIDATE_PRODUCT = YES;
			};
			name = Release;
		};
		7B0774002613ADA100FEDB85 /* Debug */ = {
			isa = XCBuildConfiguration;
			buildSettings = {
				ASSETCATALOG_COMPILER_APPICON_NAME = AppIcon;
				ASSETCATALOG_COMPILER_GLOBAL_ACCENT_COLOR_NAME = AccentColor;
				CODE_SIGN_ENTITLEMENTS = "";
				CODE_SIGN_STYLE = Automatic;
				DEVELOPMENT_ASSET_PATHS = "\"ADD/Preview Content\"";
				DEVELOPMENT_TEAM = 5JY4HTPM42;
				ENABLE_PREVIEWS = YES;
				INFOPLIST_FILE = ADD/Info.plist;
				IPHONEOS_DEPLOYMENT_TARGET = 14.0;
				LD_RUNPATH_SEARCH_PATHS = (
					"$(inherited)",
					"@executable_path/Frameworks",
				);
				PRODUCT_BUNDLE_IDENTIFIER = ISCode.ADD;
				PRODUCT_NAME = "$(TARGET_NAME)";
				SWIFT_VERSION = 5.0;
				TARGETED_DEVICE_FAMILY = "1,2";
			};
			name = Debug;
		};
		7B0774012613ADA100FEDB85 /* Release */ = {
			isa = XCBuildConfiguration;
			buildSettings = {
				ASSETCATALOG_COMPILER_APPICON_NAME = AppIcon;
				ASSETCATALOG_COMPILER_GLOBAL_ACCENT_COLOR_NAME = AccentColor;
				CODE_SIGN_ENTITLEMENTS = "";
				CODE_SIGN_STYLE = Automatic;
				DEVELOPMENT_ASSET_PATHS = "\"ADD/Preview Content\"";
				DEVELOPMENT_TEAM = 5JY4HTPM42;
				ENABLE_PREVIEWS = YES;
				INFOPLIST_FILE = ADD/Info.plist;
				IPHONEOS_DEPLOYMENT_TARGET = 14.0;
				LD_RUNPATH_SEARCH_PATHS = (
					"$(inherited)",
					"@executable_path/Frameworks",
				);
				PRODUCT_BUNDLE_IDENTIFIER = ISCode.ADD;
				PRODUCT_NAME = "$(TARGET_NAME)";
				SWIFT_VERSION = 5.0;
				TARGETED_DEVICE_FAMILY = "1,2";
			};
			name = Release;
		};
/* End XCBuildConfiguration section */

/* Begin XCConfigurationList section */
		7B0773EB2613ADA100FEDB85 /* Build configuration list for PBXProject "ADD" */ = {
			isa = XCConfigurationList;
			buildConfigurations = (
				7B0773FD2613ADA100FEDB85 /* Debug */,
				7B0773FE2613ADA100FEDB85 /* Release */,
			);
			defaultConfigurationIsVisible = 0;
			defaultConfigurationName = Release;
		};
		7B0773FF2613ADA100FEDB85 /* Build configuration list for PBXNativeTarget "ADD" */ = {
			isa = XCConfigurationList;
			buildConfigurations = (
				7B0774002613ADA100FEDB85 /* Debug */,
				7B0774012613ADA100FEDB85 /* Release */,
			);
			defaultConfigurationIsVisible = 0;
			defaultConfigurationName = Release;
		};
/* End XCConfigurationList section */
	};
	rootObject = 7B0773E82613ADA100FEDB85 /* Project object */;
}
